// !$*UTF8*$!
{
	archiveVersion = 1;
	classes = {
	};
	objectVersion = 46;
	objects = {

/* Begin PBXBuildFile section */
		6927EF9D1C4DDC49003344B6 /* IntersectionNode.m in Sources */ = {isa = PBXBuildFile; fileRef = 6927EF9C1C4DDC49003344B6 /* IntersectionNode.m */; };
		6927EFA01C4DDC56003344B6 /* StreetEdge.m in Sources */ = {isa = PBXBuildFile; fileRef = 6927EF9F1C4DDC56003344B6 /* StreetEdge.m */; };
		6927EFA31C4DE68E003344B6 /* CityGraph.m in Sources */ = {isa = PBXBuildFile; fileRef = 6927EFA21C4DE68E003344B6 /* CityGraph.m */; };
		6927EFA61C4DE75E003344B6 /* AAGraphRoute.m in Sources */ = {isa = PBXBuildFile; fileRef = 6927EFA51C4DE75E003344B6 /* AAGraphRoute.m */; };
		6927EFA91C4DE7D9003344B6 /* AAGraphRouteStep.m in Sources */ = {isa = PBXBuildFile; fileRef = 6927EFA81C4DE7D9003344B6 /* AAGraphRouteStep.m */; };
		6927EFAC1C4DEF5A003344B6 /* ClickableGraphRenderedView.m in Sources */ = {isa = PBXBuildFile; fileRef = 6927EFAB1C4DEF5A003344B6 /* ClickableGraphRenderedView.m */; };
		69729BDC1C6DCAFC003B7D1D /* StopLightTimingOptionsPopoverViewController.m in Sources */ = {isa = PBXBuildFile; fileRef = 69729BDB1C6DCAFC003B7D1D /* StopLightTimingOptionsPopoverViewController.m */; };
		69729BDF1C6DDF50003B7D1D /* CarAndView.m in Sources */ = {isa = PBXBuildFile; fileRef = 69729BDE1C6DDF50003B7D1D /* CarAndView.m */; };
		69E69B8A1C38849D00C657E7 /* AATLightPhaseMachine.m in Sources */ = {isa = PBXBuildFile; fileRef = 69E69B891C38849D00C657E7 /* AATLightPhaseMachine.m */; };
		69E69B8D1C38B00800C657E7 /* AACarView.m in Sources */ = {isa = PBXBuildFile; fileRef = 69E69B8C1C38B00800C657E7 /* AACarView.m */; };
		69E69B901C38B7F800C657E7 /* AARoadModelViewUtils.m in Sources */ = {isa = PBXBuildFile; fileRef = 69E69B8F1C38B7F800C657E7 /* AARoadModelViewUtils.m */; };
		69EBD93B1C38750F00FA7C87 /* main.m in Sources */ = {isa = PBXBuildFile; fileRef = 69EBD93A1C38750F00FA7C87 /* main.m */; };
		69EBD93E1C38750F00FA7C87 /* AppDelegate.m in Sources */ = {isa = PBXBuildFile; fileRef = 69EBD93D1C38750F00FA7C87 /* AppDelegate.m */; };
		69EBD9411C38750F00FA7C87 /* FirstViewController.m in Sources */ = {isa = PBXBuildFile; fileRef = 69EBD9401C38750F00FA7C87 /* FirstViewController.m */; };
		69EBD9441C38750F00FA7C87 /* SecondViewController.m in Sources */ = {isa = PBXBuildFile; fileRef = 69EBD9431C38750F00FA7C87 /* SecondViewController.m */; };
		69EBD9471C38750F00FA7C87 /* Main.storyboard in Resources */ = {isa = PBXBuildFile; fileRef = 69EBD9451C38750F00FA7C87 /* Main.storyboard */; };
		69EBD9491C38750F00FA7C87 /* Assets.xcassets in Resources */ = {isa = PBXBuildFile; fileRef = 69EBD9481C38750F00FA7C87 /* Assets.xcassets */; };
		69EBD94C1C38750F00FA7C87 /* LaunchScreen.storyboard in Resources */ = {isa = PBXBuildFile; fileRef = 69EBD94A1C38750F00FA7C87 /* LaunchScreen.storyboard */; };
		69EBD9571C38751000FA7C87 /* UIKitTrafficLightUITests.m in Sources */ = {isa = PBXBuildFile; fileRef = 69EBD9561C38751000FA7C87 /* UIKitTrafficLightUITests.m */; };
		69EBD9631C38776B00FA7C87 /* AAStopLightView.m in Sources */ = {isa = PBXBuildFile; fileRef = 69EBD9621C38776B00FA7C87 /* AAStopLightView.m */; };
/* End PBXBuildFile section */

/* Begin PBXContainerItemProxy section */
		69EBD9531C38751000FA7C87 /* PBXContainerItemProxy */ = {
			isa = PBXContainerItemProxy;
			containerPortal = 69EBD92E1C38750F00FA7C87 /* Project object */;
			proxyType = 1;
			remoteGlobalIDString = 69EBD9351C38750F00FA7C87;
			remoteInfo = UIKitTrafficLight;
		};
/* End PBXContainerItemProxy section */

/* Begin PBXFileReference section */
		6927EF9B1C4DDC49003344B6 /* IntersectionNode.h */ = {isa = PBXFileReference; fileEncoding = 4; lastKnownFileType = sourcecode.c.h; path = IntersectionNode.h; sourceTree = "<group>"; };
		6927EF9C1C4DDC49003344B6 /* IntersectionNode.m */ = {isa = PBXFileReference; fileEncoding = 4; lastKnownFileType = sourcecode.c.objc; path = IntersectionNode.m; sourceTree = "<group>"; };
		6927EF9E1C4DDC56003344B6 /* StreetEdge.h */ = {isa = PBXFileReference; fileEncoding = 4; lastKnownFileType = sourcecode.c.h; path = StreetEdge.h; sourceTree = "<group>"; };
		6927EF9F1C4DDC56003344B6 /* StreetEdge.m */ = {isa = PBXFileReference; fileEncoding = 4; lastKnownFileType = sourcecode.c.objc; path = StreetEdge.m; sourceTree = "<group>"; };
		6927EFA11C4DE68E003344B6 /* CityGraph.h */ = {isa = PBXFileReference; fileEncoding = 4; lastKnownFileType = sourcecode.c.h; path = CityGraph.h; sourceTree = "<group>"; };
		6927EFA21C4DE68E003344B6 /* CityGraph.m */ = {isa = PBXFileReference; fileEncoding = 4; lastKnownFileType = sourcecode.c.objc; path = CityGraph.m; sourceTree = "<group>"; };
		6927EFA41C4DE75E003344B6 /* AAGraphRoute.h */ = {isa = PBXFileReference; fileEncoding = 4; lastKnownFileType = sourcecode.c.h; path = AAGraphRoute.h; sourceTree = "<group>"; };
		6927EFA51C4DE75E003344B6 /* AAGraphRoute.m */ = {isa = PBXFileReference; fileEncoding = 4; lastKnownFileType = sourcecode.c.objc; path = AAGraphRoute.m; sourceTree = "<group>"; };
		6927EFA71C4DE7D9003344B6 /* AAGraphRouteStep.h */ = {isa = PBXFileReference; fileEncoding = 4; lastKnownFileType = sourcecode.c.h; path = AAGraphRouteStep.h; sourceTree = "<group>"; };
		6927EFA81C4DE7D9003344B6 /* AAGraphRouteStep.m */ = {isa = PBXFileReference; fileEncoding = 4; lastKnownFileType = sourcecode.c.objc; path = AAGraphRouteStep.m; sourceTree = "<group>"; };
		6927EFAA1C4DEF5A003344B6 /* ClickableGraphRenderedView.h */ = {isa = PBXFileReference; fileEncoding = 4; lastKnownFileType = sourcecode.c.h; path = ClickableGraphRenderedView.h; sourceTree = "<group>"; };
		6927EFAB1C4DEF5A003344B6 /* ClickableGraphRenderedView.m */ = {isa = PBXFileReference; fileEncoding = 4; lastKnownFileType = sourcecode.c.objc; path = ClickableGraphRenderedView.m; sourceTree = "<group>"; };
		69729BDA1C6DCAFC003B7D1D /* StopLightTimingOptionsPopoverViewController.h */ = {isa = PBXFileReference; fileEncoding = 4; lastKnownFileType = sourcecode.c.h; name = StopLightTimingOptionsPopoverViewController.h; path = UIKitTrafficLight/StopLightTimingOptionsPopoverViewController.h; sourceTree = "<group>"; };
		69729BDB1C6DCAFC003B7D1D /* StopLightTimingOptionsPopoverViewController.m */ = {isa = PBXFileReference; fileEncoding = 4; lastKnownFileType = sourcecode.c.objc; name = StopLightTimingOptionsPopoverViewController.m; path = UIKitTrafficLight/StopLightTimingOptionsPopoverViewController.m; sourceTree = "<group>"; };
		69729BDD1C6DDF50003B7D1D /* CarAndView.h */ = {isa = PBXFileReference; fileEncoding = 4; lastKnownFileType = sourcecode.c.h; path = CarAndView.h; sourceTree = "<group>"; };
		69729BDE1C6DDF50003B7D1D /* CarAndView.m */ = {isa = PBXFileReference; fileEncoding = 4; lastKnownFileType = sourcecode.c.objc; path = CarAndView.m; sourceTree = "<group>"; };
		69E69B881C38849D00C657E7 /* AATLightPhaseMachine.h */ = {isa = PBXFileReference; fileEncoding = 4; lastKnownFileType = sourcecode.c.h; name = AATLightPhaseMachine.h; path = UIKitTrafficLight/AATLightPhaseMachine.h; sourceTree = "<group>"; };
		69E69B891C38849D00C657E7 /* AATLightPhaseMachine.m */ = {isa = PBXFileReference; fileEncoding = 4; lastKnownFileType = sourcecode.c.objc; name = AATLightPhaseMachine.m; path = UIKitTrafficLight/AATLightPhaseMachine.m; sourceTree = "<group>"; };
		69E69B8B1C38B00800C657E7 /* AACarView.h */ = {isa = PBXFileReference; fileEncoding = 4; lastKnownFileType = sourcecode.c.h; name = AACarView.h; path = UIKitTrafficLight/AACarView.h; sourceTree = "<group>"; };
		69E69B8C1C38B00800C657E7 /* AACarView.m */ = {isa = PBXFileReference; fileEncoding = 4; lastKnownFileType = sourcecode.c.objc; name = AACarView.m; path = UIKitTrafficLight/AACarView.m; sourceTree = "<group>"; };
		69E69B8E1C38B7F800C657E7 /* AARoadModelViewUtils.h */ = {isa = PBXFileReference; fileEncoding = 4; lastKnownFileType = sourcecode.c.h; name = AARoadModelViewUtils.h; path = UIKitTrafficLight/AARoadModelViewUtils.h; sourceTree = "<group>"; };
		69E69B8F1C38B7F800C657E7 /* AARoadModelViewUtils.m */ = {isa = PBXFileReference; fileEncoding = 4; lastKnownFileType = sourcecode.c.objc; name = AARoadModelViewUtils.m; path = UIKitTrafficLight/AARoadModelViewUtils.m; sourceTree = "<group>"; };
		69EBD9361C38750F00FA7C87 /* UIKitTrafficLight.app */ = {isa = PBXFileReference; explicitFileType = wrapper.application; includeInIndex = 0; path = UIKitTrafficLight.app; sourceTree = BUILT_PRODUCTS_DIR; };
		69EBD93A1C38750F00FA7C87 /* main.m */ = {isa = PBXFileReference; lastKnownFileType = sourcecode.c.objc; path = main.m; sourceTree = "<group>"; };
		69EBD93C1C38750F00FA7C87 /* AppDelegate.h */ = {isa = PBXFileReference; lastKnownFileType = sourcecode.c.h; path = AppDelegate.h; sourceTree = "<group>"; };
		69EBD93D1C38750F00FA7C87 /* AppDelegate.m */ = {isa = PBXFileReference; lastKnownFileType = sourcecode.c.objc; path = AppDelegate.m; sourceTree = "<group>"; };
		69EBD93F1C38750F00FA7C87 /* FirstViewController.h */ = {isa = PBXFileReference; lastKnownFileType = sourcecode.c.h; name = FirstViewController.h; path = UIKitTrafficLight/FirstViewController.h; sourceTree = "<group>"; };
		69EBD9401C38750F00FA7C87 /* FirstViewController.m */ = {isa = PBXFileReference; lastKnownFileType = sourcecode.c.objc; name = FirstViewController.m; path = UIKitTrafficLight/FirstViewController.m; sourceTree = "<group>"; };
		69EBD9421C38750F00FA7C87 /* SecondViewController.h */ = {isa = PBXFileReference; lastKnownFileType = sourcecode.c.h; name = SecondViewController.h; path = UIKitTrafficLight/SecondViewController.h; sourceTree = "<group>"; };
		69EBD9431C38750F00FA7C87 /* SecondViewController.m */ = {isa = PBXFileReference; lastKnownFileType = sourcecode.c.objc; name = SecondViewController.m; path = UIKitTrafficLight/SecondViewController.m; sourceTree = "<group>"; };
		69EBD9461C38750F00FA7C87 /* Base */ = {isa = PBXFileReference; lastKnownFileType = file.storyboard; name = Base; path = Base.lproj/Main.storyboard; sourceTree = "<group>"; };
		69EBD9481C38750F00FA7C87 /* Assets.xcassets */ = {isa = PBXFileReference; lastKnownFileType = folder.assetcatalog; path = Assets.xcassets; sourceTree = "<group>"; };
		69EBD94B1C38750F00FA7C87 /* Base */ = {isa = PBXFileReference; lastKnownFileType = file.storyboard; name = Base; path = Base.lproj/LaunchScreen.storyboard; sourceTree = "<group>"; };
		69EBD94D1C38750F00FA7C87 /* Info.plist */ = {isa = PBXFileReference; lastKnownFileType = text.plist.xml; path = Info.plist; sourceTree = "<group>"; };
		69EBD9521C38751000FA7C87 /* UIKitTrafficLightUITests.xctest */ = {isa = PBXFileReference; explicitFileType = wrapper.cfbundle; includeInIndex = 0; path = UIKitTrafficLightUITests.xctest; sourceTree = BUILT_PRODUCTS_DIR; };
		69EBD9561C38751000FA7C87 /* UIKitTrafficLightUITests.m */ = {isa = PBXFileReference; lastKnownFileType = sourcecode.c.objc; path = UIKitTrafficLightUITests.m; sourceTree = "<group>"; };
		69EBD9581C38751000FA7C87 /* Info.plist */ = {isa = PBXFileReference; lastKnownFileType = text.plist.xml; path = Info.plist; sourceTree = "<group>"; };
		69EBD9611C38776B00FA7C87 /* AAStopLightView.h */ = {isa = PBXFileReference; fileEncoding = 4; lastKnownFileType = sourcecode.c.h; name = AAStopLightView.h; path = UIKitTrafficLight/AAStopLightView.h; sourceTree = "<group>"; };
		69EBD9621C38776B00FA7C87 /* AAStopLightView.m */ = {isa = PBXFileReference; fileEncoding = 4; lastKnownFileType = sourcecode.c.objc; name = AAStopLightView.m; path = UIKitTrafficLight/AAStopLightView.m; sourceTree = "<group>"; };
/* End PBXFileReference section */

/* Begin PBXFrameworksBuildPhase section */
		69EBD9331C38750F00FA7C87 /* Frameworks */ = {
			isa = PBXFrameworksBuildPhase;
			buildActionMask = 2147483647;
			files = (
			);
			runOnlyForDeploymentPostprocessing = 0;
		};
		69EBD94F1C38751000FA7C87 /* Frameworks */ = {
			isa = PBXFrameworksBuildPhase;
			buildActionMask = 2147483647;
			files = (
			);
			runOnlyForDeploymentPostprocessing = 0;
		};
/* End PBXFrameworksBuildPhase section */

/* Begin PBXGroup section */
		6927EF9A1C4DDC14003344B6 /* model_objs */ = {
			isa = PBXGroup;
			children = (
				6927EFA11C4DE68E003344B6 /* CityGraph.h */,
				6927EFA21C4DE68E003344B6 /* CityGraph.m */,
				6927EF9B1C4DDC49003344B6 /* IntersectionNode.h */,
				6927EF9C1C4DDC49003344B6 /* IntersectionNode.m */,
				6927EF9F1C4DDC56003344B6 /* StreetEdge.m */,
				6927EF9E1C4DDC56003344B6 /* StreetEdge.h */,
				6927EFA41C4DE75E003344B6 /* AAGraphRoute.h */,
				6927EFA51C4DE75E003344B6 /* AAGraphRoute.m */,
				6927EFA71C4DE7D9003344B6 /* AAGraphRouteStep.h */,
				6927EFA81C4DE7D9003344B6 /* AAGraphRouteStep.m */,
			);
			name = model_objs;
			sourceTree = "<group>";
		};
		69EBD92D1C38750F00FA7C87 = {
			isa = PBXGroup;
			children = (
				6927EFAA1C4DEF5A003344B6 /* ClickableGraphRenderedView.h */,
				6927EFAB1C4DEF5A003344B6 /* ClickableGraphRenderedView.m */,
				69729BDD1C6DDF50003B7D1D /* CarAndView.h */,
				69729BDE1C6DDF50003B7D1D /* CarAndView.m */,
				69EBD9611C38776B00FA7C87 /* AAStopLightView.h */,
				69EBD9621C38776B00FA7C87 /* AAStopLightView.m */,
				69E69B881C38849D00C657E7 /* AATLightPhaseMachine.h */,
				69E69B891C38849D00C657E7 /* AATLightPhaseMachine.m */,
				69E69B8B1C38B00800C657E7 /* AACarView.h */,
				69E69B8C1C38B00800C657E7 /* AACarView.m */,
				69E69B8E1C38B7F800C657E7 /* AARoadModelViewUtils.h */,
				6927EF9A1C4DDC14003344B6 /* model_objs */,
				69E69B8F1C38B7F800C657E7 /* AARoadModelViewUtils.m */,
				69EBD93F1C38750F00FA7C87 /* FirstViewController.h */,
				69EBD9401C38750F00FA7C87 /* FirstViewController.m */,
				69EBD9421C38750F00FA7C87 /* SecondViewController.h */,
				69EBD9431C38750F00FA7C87 /* SecondViewController.m */,
				69729BDA1C6DCAFC003B7D1D /* StopLightTimingOptionsPopoverViewController.h */,
				69729BDB1C6DCAFC003B7D1D /* StopLightTimingOptionsPopoverViewController.m */,
				69EBD9381C38750F00FA7C87 /* UIKitTrafficLight */,
				69EBD9551C38751000FA7C87 /* UIKitTrafficLightUITests */,
				69EBD9371C38750F00FA7C87 /* Products */,
			);
			sourceTree = "<group>";
		};
		69EBD9371C38750F00FA7C87 /* Products */ = {
			isa = PBXGroup;
			children = (
				69EBD9361C38750F00FA7C87 /* UIKitTrafficLight.app */,
				69EBD9521C38751000FA7C87 /* UIKitTrafficLightUITests.xctest */,
			);
			name = Products;
			sourceTree = "<group>";
		};
		69EBD9381C38750F00FA7C87 /* UIKitTrafficLight */ = {
			isa = PBXGroup;
			children = (
				69EBD93C1C38750F00FA7C87 /* AppDelegate.h */,
				69EBD93D1C38750F00FA7C87 /* AppDelegate.m */,
				69EBD9451C38750F00FA7C87 /* Main.storyboard */,
				69EBD9481C38750F00FA7C87 /* Assets.xcassets */,
				69EBD94A1C38750F00FA7C87 /* LaunchScreen.storyboard */,
				69EBD94D1C38750F00FA7C87 /* Info.plist */,
				69EBD9391C38750F00FA7C87 /* Supporting Files */,
			);
			path = UIKitTrafficLight;
			sourceTree = "<group>";
		};
		69EBD9391C38750F00FA7C87 /* Supporting Files */ = {
			isa = PBXGroup;
			children = (
				69EBD93A1C38750F00FA7C87 /* main.m */,
			);
			name = "Supporting Files";
			sourceTree = "<group>";
		};
		69EBD9551C38751000FA7C87 /* UIKitTrafficLightUITests */ = {
			isa = PBXGroup;
			children = (
				69EBD9561C38751000FA7C87 /* UIKitTrafficLightUITests.m */,
				69EBD9581C38751000FA7C87 /* Info.plist */,
			);
			path = UIKitTrafficLightUITests;
			sourceTree = "<group>";
		};
/* End PBXGroup section */

/* Begin PBXNativeTarget section */
		69EBD9351C38750F00FA7C87 /* UIKitTrafficLight */ = {
			isa = PBXNativeTarget;
			buildConfigurationList = 69EBD95B1C38751000FA7C87 /* Build configuration list for PBXNativeTarget "UIKitTrafficLight" */;
			buildPhases = (
				69EBD9321C38750F00FA7C87 /* Sources */,
				69EBD9331C38750F00FA7C87 /* Frameworks */,
				69EBD9341C38750F00FA7C87 /* Resources */,
			);
			buildRules = (
			);
			dependencies = (
			);
			name = UIKitTrafficLight;
			productName = UIKitTrafficLight;
			productReference = 69EBD9361C38750F00FA7C87 /* UIKitTrafficLight.app */;
			productType = "com.apple.product-type.application";
		};
		69EBD9511C38751000FA7C87 /* UIKitTrafficLightUITests */ = {
			isa = PBXNativeTarget;
			buildConfigurationList = 69EBD95E1C38751000FA7C87 /* Build configuration list for PBXNativeTarget "UIKitTrafficLightUITests" */;
			buildPhases = (
				69EBD94E1C38751000FA7C87 /* Sources */,
				69EBD94F1C38751000FA7C87 /* Frameworks */,
				69EBD9501C38751000FA7C87 /* Resources */,
			);
			buildRules = (
			);
			dependencies = (
				69EBD9541C38751000FA7C87 /* PBXTargetDependency */,
			);
			name = UIKitTrafficLightUITests;
			productName = UIKitTrafficLightUITests;
			productReference = 69EBD9521C38751000FA7C87 /* UIKitTrafficLightUITests.xctest */;
			productType = "com.apple.product-type.bundle.ui-testing";
		};
/* End PBXNativeTarget section */

/* Begin PBXProject section */
		69EBD92E1C38750F00FA7C87 /* Project object */ = {
			isa = PBXProject;
			attributes = {
				LastUpgradeCheck = 0720;
				ORGANIZATIONNAME = "Andrew Aude";
				TargetAttributes = {
					69EBD9351C38750F00FA7C87 = {
						CreatedOnToolsVersion = 7.2;
					};
					69EBD9511C38751000FA7C87 = {
						CreatedOnToolsVersion = 7.2;
						TestTargetID = 69EBD9351C38750F00FA7C87;
					};
				};
			};
			buildConfigurationList = 69EBD9311C38750F00FA7C87 /* Build configuration list for PBXProject "UIKitTrafficLight" */;
			compatibilityVersion = "Xcode 3.2";
			developmentRegion = English;
			hasScannedForEncodings = 0;
			knownRegions = (
				en,
				Base,
			);
			mainGroup = 69EBD92D1C38750F00FA7C87;
			productRefGroup = 69EBD9371C38750F00FA7C87 /* Products */;
			projectDirPath = "";
			projectRoot = "";
			targets = (
				69EBD9351C38750F00FA7C87 /* UIKitTrafficLight */,
				69EBD9511C38751000FA7C87 /* UIKitTrafficLightUITests */,
			);
		};
/* End PBXProject section */

/* Begin PBXResourcesBuildPhase section */
		69EBD9341C38750F00FA7C87 /* Resources */ = {
			isa = PBXResourcesBuildPhase;
			buildActionMask = 2147483647;
			files = (
				69EBD94C1C38750F00FA7C87 /* LaunchScreen.storyboard in Resources */,
				69EBD9491C38750F00FA7C87 /* Assets.xcassets in Resources */,
				69EBD9471C38750F00FA7C87 /* Main.storyboard in Resources */,
			);
			runOnlyForDeploymentPostprocessing = 0;
		};
		69EBD9501C38751000FA7C87 /* Resources */ = {
			isa = PBXResourcesBuildPhase;
			buildActionMask = 2147483647;
			files = (
			);
			runOnlyForDeploymentPostprocessing = 0;
		};
/* End PBXResourcesBuildPhase section */

/* Begin PBXSourcesBuildPhase section */
		69EBD9321C38750F00FA7C87 /* Sources */ = {
			isa = PBXSourcesBuildPhase;
			buildActionMask = 2147483647;
			files = (
				69729BDC1C6DCAFC003B7D1D /* StopLightTimingOptionsPopoverViewController.m in Sources */,
				6927EFA91C4DE7D9003344B6 /* AAGraphRouteStep.m in Sources */,
				6927EFAC1C4DEF5A003344B6 /* ClickableGraphRenderedView.m in Sources */,
				69EBD9441C38750F00FA7C87 /* SecondViewController.m in Sources */,
				69EBD93E1C38750F00FA7C87 /* AppDelegate.m in Sources */,
				69E69B8D1C38B00800C657E7 /* AACarView.m in Sources */,
				6927EFA61C4DE75E003344B6 /* AAGraphRoute.m in Sources */,
				69EBD9411C38750F00FA7C87 /* FirstViewController.m in Sources */,
				69EBD93B1C38750F00FA7C87 /* main.m in Sources */,
				69EBD9631C38776B00FA7C87 /* AAStopLightView.m in Sources */,
				69E69B901C38B7F800C657E7 /* AARoadModelViewUtils.m in Sources */,
				69729BDF1C6DDF50003B7D1D /* CarAndView.m in Sources */,
				6927EFA01C4DDC56003344B6 /* StreetEdge.m in Sources */,
				69E69B8A1C38849D00C657E7 /* AATLightPhaseMachine.m in Sources */,
				6927EFA31C4DE68E003344B6 /* CityGraph.m in Sources */,
				6927EF9D1C4DDC49003344B6 /* IntersectionNode.m in Sources */,
			);
			runOnlyForDeploymentPostprocessing = 0;
		};
		69EBD94E1C38751000FA7C87 /* Sources */ = {
			isa = PBXSourcesBuildPhase;
			buildActionMask = 2147483647;
			files = (
				69EBD9571C38751000FA7C87 /* UIKitTrafficLightUITests.m in Sources */,
			);
			runOnlyForDeploymentPostprocessing = 0;
		};
/* End PBXSourcesBuildPhase section */

/* Begin PBXTargetDependency section */
		69EBD9541C38751000FA7C87 /* PBXTargetDependency */ = {
			isa = PBXTargetDependency;
			target = 69EBD9351C38750F00FA7C87 /* UIKitTrafficLight */;
			targetProxy = 69EBD9531C38751000FA7C87 /* PBXContainerItemProxy */;
		};
/* End PBXTargetDependency section */

/* Begin PBXVariantGroup section */
		69EBD9451C38750F00FA7C87 /* Main.storyboard */ = {
			isa = PBXVariantGroup;
			children = (
				69EBD9461C38750F00FA7C87 /* Base */,
			);
			name = Main.storyboard;
			sourceTree = "<group>";
		};
		69EBD94A1C38750F00FA7C87 /* LaunchScreen.storyboard */ = {
			isa = PBXVariantGroup;
			children = (
				69EBD94B1C38750F00FA7C87 /* Base */,
			);
			name = LaunchScreen.storyboard;
			sourceTree = "<group>";
		};
/* End PBXVariantGroup section */

/* Begin XCBuildConfiguration section */
		69EBD9591C38751000FA7C87 /* Debug */ = {
			isa = XCBuildConfiguration;
			buildSettings = {
				ALWAYS_SEARCH_USER_PATHS = NO;
				CLANG_CXX_LANGUAGE_STANDARD = "gnu++0x";
				CLANG_CXX_LIBRARY = "libc++";
				CLANG_ENABLE_MODULES = YES;
				CLANG_ENABLE_OBJC_ARC = YES;
				CLANG_WARN_BOOL_CONVERSION = YES;
				CLANG_WARN_CONSTANT_CONVERSION = YES;
				CLANG_WARN_DIRECT_OBJC_ISA_USAGE = YES_ERROR;
				CLANG_WARN_EMPTY_BODY = YES;
				CLANG_WARN_ENUM_CONVERSION = YES;
				CLANG_WARN_INT_CONVERSION = YES;
				CLANG_WARN_OBJC_ROOT_CLASS = YES_ERROR;
				CLANG_WARN_UNREACHABLE_CODE = YES;
				CLANG_WARN__DUPLICATE_METHOD_MATCH = YES;
				"CODE_SIGN_IDENTITY[sdk=iphoneos*]" = "iPhone Developer";
				COPY_PHASE_STRIP = NO;
				DEBUG_INFORMATION_FORMAT = dwarf;
				ENABLE_STRICT_OBJC_MSGSEND = YES;
				ENABLE_TESTABILITY = YES;
				GCC_C_LANGUAGE_STANDARD = gnu99;
				GCC_DYNAMIC_NO_PIC = NO;
				GCC_NO_COMMON_BLOCKS = YES;
				GCC_OPTIMIZATION_LEVEL = 0;
				GCC_PREPROCESSOR_DEFINITIONS = (
					"DEBUG=1",
					"$(inherited)",
				);
				GCC_WARN_64_TO_32_BIT_CONVERSION = YES;
				GCC_WARN_ABOUT_RETURN_TYPE = YES_ERROR;
				GCC_WARN_UNDECLARED_SELECTOR = YES;
				GCC_WARN_UNINITIALIZED_AUTOS = YES_AGGRESSIVE;
				GCC_WARN_UNUSED_FUNCTION = YES;
				GCC_WARN_UNUSED_VARIABLE = YES;
				IPHONEOS_DEPLOYMENT_TARGET = 9.2;
				MTL_ENABLE_DEBUG_INFO = YES;
				ONLY_ACTIVE_ARCH = YES;
				SDKROOT = iphoneos;
				TARGETED_DEVICE_FAMILY = 2;
			};
			name = Debug;
		};
		69EBD95A1C38751000FA7C87 /* Release */ = {
			isa = XCBuildConfiguration;
			buildSettings = {
				ALWAYS_SEARCH_USER_PATHS = NO;
				CLANG_CXX_LANGUAGE_STANDARD = "gnu++0x";
				CLANG_CXX_LIBRARY = "libc++";
				CLANG_ENABLE_MODULES = YES;
				CLANG_ENABLE_OBJC_ARC = YES;
				CLANG_WARN_BOOL_CONVERSION = YES;
				CLANG_WARN_CONSTANT_CONVERSION = YES;
				CLANG_WARN_DIRECT_OBJC_ISA_USAGE = YES_ERROR;
				CLANG_WARN_EMPTY_BODY = YES;
				CLANG_WARN_ENUM_CONVERSION = YES;
				CLANG_WARN_INT_CONVERSION = YES;
				CLANG_WARN_OBJC_ROOT_CLASS = YES_ERROR;
				CLANG_WARN_UNREACHABLE_CODE = YES;
				CLANG_WARN__DUPLICATE_METHOD_MATCH = YES;
				"CODE_SIGN_IDENTITY[sdk=iphoneos*]" = "iPhone Developer";
				COPY_PHASE_STRIP = NO;
				DEBUG_INFORMATION_FORMAT = "dwarf-with-dsym";
				ENABLE_NS_ASSERTIONS = NO;
				ENABLE_STRICT_OBJC_MSGSEND = YES;
				GCC_C_LANGUAGE_STANDARD = gnu99;
				GCC_NO_COMMON_BLOCKS = YES;
				GCC_WARN_64_TO_32_BIT_CONVERSION = YES;
				GCC_WARN_ABOUT_RETURN_TYPE = YES_ERROR;
				GCC_WARN_UNDECLARED_SELECTOR = YES;
				GCC_WARN_UNINITIALIZED_AUTOS = YES_AGGRESSIVE;
				GCC_WARN_UNUSED_FUNCTION = YES;
				GCC_WARN_UNUSED_VARIABLE = YES;
				IPHONEOS_DEPLOYMENT_TARGET = 9.2;
				MTL_ENABLE_DEBUG_INFO = NO;
				SDKROOT = iphoneos;
				TARGETED_DEVICE_FAMILY = 2;
				VALIDATE_PRODUCT = YES;
			};
			name = Release;
		};
		69EBD95C1C38751000FA7C87 /* Debug */ = {
			isa = XCBuildConfiguration;
			buildSettings = {
				ASSETCATALOG_COMPILER_APPICON_NAME = AppIcon;
				INFOPLIST_FILE = UIKitTrafficLight/Info.plist;
				LD_RUNPATH_SEARCH_PATHS = "$(inherited) @executable_path/Frameworks";
				PRODUCT_BUNDLE_IDENTIFIER = com.andyaude.UIKitTrafficLight;
				PRODUCT_NAME = "$(TARGET_NAME)";
			};
			name = Debug;
		};
		69EBD95D1C38751000FA7C87 /* Release */ = {
			isa = XCBuildConfiguration;
			buildSettings = {
				ASSETCATALOG_COMPILER_APPICON_NAME = AppIcon;
				INFOPLIST_FILE = UIKitTrafficLight/Info.plist;
				LD_RUNPATH_SEARCH_PATHS = "$(inherited) @executable_path/Frameworks";
				PRODUCT_BUNDLE_IDENTIFIER = com.andyaude.UIKitTrafficLight;
				PRODUCT_NAME = "$(TARGET_NAME)";
			};
			name = Release;
		};
		69EBD95F1C38751000FA7C87 /* Debug */ = {
			isa = XCBuildConfiguration;
			buildSettings = {
				INFOPLIST_FILE = UIKitTrafficLightUITests/Info.plist;
				LD_RUNPATH_SEARCH_PATHS = "$(inherited) @executable_path/Frameworks @loader_path/Frameworks";
				PRODUCT_BUNDLE_IDENTIFIER = com.andyaude.UIKitTrafficLightUITests;
				PRODUCT_NAME = "$(TARGET_NAME)";
				TEST_TARGET_NAME = UIKitTrafficLight;
				USES_XCTRUNNER = YES;
			};
			name = Debug;
		};
		69EBD9601C38751000FA7C87 /* Release */ = {
			isa = XCBuildConfiguration;
			buildSettings = {
				INFOPLIST_FILE = UIKitTrafficLightUITests/Info.plist;
				LD_RUNPATH_SEARCH_PATHS = "$(inherited) @executable_path/Frameworks @loader_path/Frameworks";
				PRODUCT_BUNDLE_IDENTIFIER = com.andyaude.UIKitTrafficLightUITests;
				PRODUCT_NAME = "$(TARGET_NAME)";
				TEST_TARGET_NAME = UIKitTrafficLight;
				USES_XCTRUNNER = YES;
			};
			name = Release;
		};
/* End XCBuildConfiguration section */

/* Begin XCConfigurationList section */
		69EBD9311C38750F00FA7C87 /* Build configuration list for PBXProject "UIKitTrafficLight" */ = {
			isa = XCConfigurationList;
			buildConfigurations = (
				69EBD9591C38751000FA7C87 /* Debug */,
				69EBD95A1C38751000FA7C87 /* Release */,
			);
			defaultConfigurationIsVisible = 0;
			defaultConfigurationName = Release;
		};
		69EBD95B1C38751000FA7C87 /* Build configuration list for PBXNativeTarget "UIKitTrafficLight" */ = {
			isa = XCConfigurationList;
			buildConfigurations = (
				69EBD95C1C38751000FA7C87 /* Debug */,
				69EBD95D1C38751000FA7C87 /* Release */,
			);
			defaultConfigurationIsVisible = 0;
			defaultConfigurationName = Release;
		};
		69EBD95E1C38751000FA7C87 /* Build configuration list for PBXNativeTarget "UIKitTrafficLightUITests" */ = {
			isa = XCConfigurationList;
			buildConfigurations = (
				69EBD95F1C38751000FA7C87 /* Debug */,
				69EBD9601C38751000FA7C87 /* Release */,
			);
			defaultConfigurationIsVisible = 0;
			defaultConfigurationName = Release;
		};
/* End XCConfigurationList section */
	};
	rootObject = 69EBD92E1C38750F00FA7C87 /* Project object */;
}
